# This file is automatically @generated by Poetry and should not be changed by hand.

[[package]]
name = "construct"
version = "2.10.68"
description = "A powerful declarative symmetric parser/builder for binary data"
category = "main"
optional = false
python-versions = ">=3.6"
files = [
    {file = "construct-2.10.68.tar.gz", hash = "sha256:7b2a3fd8e5f597a5aa1d614c3bd516fa065db01704c72a1efaaeec6ef23d8b45"},
]

[package.extras]
extras = ["arrow", "cloudpickle", "enum34", "lz4", "numpy", "ruamel.yaml"]

[[package]]
name = "evdev"
version = "1.6.1"
description = "Bindings to the Linux input handling subsystem"
category = "main"
optional = false
python-versions = "*"
files = [
    {file = "evdev-1.6.1.tar.gz", hash = "sha256:299db8628cc73b237fc1cc57d3c2948faa0756e2a58b6194b5bf81dc2081f1e3"},
]

[[package]]
name = "packaging"
version = "23.0"
description = "Core utilities for Python packages"
category = "main"
optional = false
python-versions = ">=3.7"
files = [
    {file = "packaging-23.0-py3-none-any.whl", hash = "sha256:714ac14496c3e68c99c29b00845f7a2b85f3bb6f1078fd9f72fd20f0570002b2"},
    {file = "packaging-23.0.tar.gz", hash = "sha256:b6ad297f8907de0fa2fe1ccbd26fdaf387f5f47c7275fedf8cce89f99446cf97"},
]

[[package]]
name = "snapcast"
version = "2.3.1"
description = "Control Snapcast."
category = "main"
optional = false
python-versions = "*"
files = [
    {file = "snapcast-2.3.1.tar.gz", hash = "sha256:5e4a11e92b3496cb1d8696d5ab4c8e2fe97befdd2e98029b465701aff3141e73"},
]

[package.dependencies]
construct = ">=2.5.2"
packaging = "*"

[metadata]
lock-version = "2.0"
python-versions = "^3.10"
content-hash = "4ac43786992ae3d2321260214110b7b0012a78cd1cfc5a3bcaadc7a6d0d01181"
